// !$*UTF8*$!
{
	archiveVersion = 1;
	classes = {
	};
	objectVersion = 50;
	objects = {

/* Begin PBXBuildFile section */
		9B420CBB22EFEB6A006C4D03 /* AppDelegate.swift in Sources */ = {isa = PBXBuildFile; fileRef = 9B420CBA22EFEB6A006C4D03 /* AppDelegate.swift */; };
		9B420CBD22EFEB6A006C4D03 /* ViewController.swift in Sources */ = {isa = PBXBuildFile; fileRef = 9B420CBC22EFEB6A006C4D03 /* ViewController.swift */; };
		9B420CBF22EFEB6B006C4D03 /* Assets.xcassets in Resources */ = {isa = PBXBuildFile; fileRef = 9B420CBE22EFEB6B006C4D03 /* Assets.xcassets */; };
		9B420CC222EFEB6B006C4D03 /* Main.storyboard in Resources */ = {isa = PBXBuildFile; fileRef = 9B420CC022EFEB6B006C4D03 /* Main.storyboard */; };
		9B420CCE22EFEB6B006C4D03 /* textViewDemoTests.swift in Sources */ = {isa = PBXBuildFile; fileRef = 9B420CCD22EFEB6B006C4D03 /* textViewDemoTests.swift */; };
		9B420CD922EFEB6B006C4D03 /* textViewDemoUITests.swift in Sources */ = {isa = PBXBuildFile; fileRef = 9B420CD822EFEB6B006C4D03 /* textViewDemoUITests.swift */; };
		9B420CE722EFEBA5006C4D03 /* TextView.swift in Sources */ = {isa = PBXBuildFile; fileRef = 9B420CE622EFEBA5006C4D03 /* TextView.swift */; };
/* End PBXBuildFile section */

/* Begin PBXContainerItemProxy section */
		9B420CCA22EFEB6B006C4D03 /* PBXContainerItemProxy */ = {
			isa = PBXContainerItemProxy;
			containerPortal = 9B420CAF22EFEB6A006C4D03 /* Project object */;
			proxyType = 1;
			remoteGlobalIDString = 9B420CB622EFEB6A006C4D03;
			remoteInfo = textViewDemo;
		};
		9B420CD522EFEB6B006C4D03 /* PBXContainerItemProxy */ = {
			isa = PBXContainerItemProxy;
			containerPortal = 9B420CAF22EFEB6A006C4D03 /* Project object */;
			proxyType = 1;
			remoteGlobalIDString = 9B420CB622EFEB6A006C4D03;
			remoteInfo = textViewDemo;
		};
/* End PBXContainerItemProxy section */

/* Begin PBXFileReference section */
		9B420CB722EFEB6A006C4D03 /* textViewDemo.app */ = {isa = PBXFileReference; explicitFileType = wrapper.application; includeInIndex = 0; path = textViewDemo.app; sourceTree = BUILT_PRODUCTS_DIR; };
		9B420CBA22EFEB6A006C4D03 /* AppDelegate.swift */ = {isa = PBXFileReference; lastKnownFileType = sourcecode.swift; path = AppDelegate.swift; sourceTree = "<group>"; };
		9B420CBC22EFEB6A006C4D03 /* ViewController.swift */ = {isa = PBXFileReference; lastKnownFileType = sourcecode.swift; path = ViewController.swift; sourceTree = "<group>"; };
		9B420CBE22EFEB6B006C4D03 /* Assets.xcassets */ = {isa = PBXFileReference; lastKnownFileType = folder.assetcatalog; path = Assets.xcassets; sourceTree = "<group>"; };
		9B420CC122EFEB6B006C4D03 /* Base */ = {isa = PBXFileReference; lastKnownFileType = file.storyboard; name = Base; path = Base.lproj/Main.storyboard; sourceTree = "<group>"; };
		9B420CC322EFEB6B006C4D03 /* Info.plist */ = {isa = PBXFileReference; lastKnownFileType = text.plist.xml; path = Info.plist; sourceTree = "<group>"; };
		9B420CC422EFEB6B006C4D03 /* textViewDemo.entitlements */ = {isa = PBXFileReference; lastKnownFileType = text.plist.entitlements; path = textViewDemo.entitlements; sourceTree = "<group>"; };
		9B420CC922EFEB6B006C4D03 /* textViewDemoTests.xctest */ = {isa = PBXFileReference; explicitFileType = wrapper.cfbundle; includeInIndex = 0; path = textViewDemoTests.xctest; sourceTree = BUILT_PRODUCTS_DIR; };
		9B420CCD22EFEB6B006C4D03 /* textViewDemoTests.swift */ = {isa = PBXFileReference; lastKnownFileType = sourcecode.swift; path = textViewDemoTests.swift; sourceTree = "<group>"; };
		9B420CCF22EFEB6B006C4D03 /* Info.plist */ = {isa = PBXFileReference; lastKnownFileType = text.plist.xml; path = Info.plist; sourceTree = "<group>"; };
		9B420CD422EFEB6B006C4D03 /* textViewDemoUITests.xctest */ = {isa = PBXFileReference; explicitFileType = wrapper.cfbundle; includeInIndex = 0; path = textViewDemoUITests.xctest; sourceTree = BUILT_PRODUCTS_DIR; };
		9B420CD822EFEB6B006C4D03 /* textViewDemoUITests.swift */ = {isa = PBXFileReference; lastKnownFileType = sourcecode.swift; path = textViewDemoUITests.swift; sourceTree = "<group>"; };
		9B420CDA22EFEB6B006C4D03 /* Info.plist */ = {isa = PBXFileReference; lastKnownFileType = text.plist.xml; path = Info.plist; sourceTree = "<group>"; };
		9B420CE622EFEBA5006C4D03 /* TextView.swift */ = {isa = PBXFileReference; lastKnownFileType = sourcecode.swift; path = TextView.swift; sourceTree = "<group>"; };
/* End PBXFileReference section */

/* Begin PBXFrameworksBuildPhase section */
		9B420CB422EFEB6A006C4D03 /* Frameworks */ = {
			isa = PBXFrameworksBuildPhase;
			buildActionMask = 2147483647;
			files = (
			);
			runOnlyForDeploymentPostprocessing = 0;
		};
		9B420CC622EFEB6B006C4D03 /* Frameworks */ = {
			isa = PBXFrameworksBuildPhase;
			buildActionMask = 2147483647;
			files = (
			);
			runOnlyForDeploymentPostprocessing = 0;
		};
		9B420CD122EFEB6B006C4D03 /* Frameworks */ = {
			isa = PBXFrameworksBuildPhase;
			buildActionMask = 2147483647;
			files = (
			);
			runOnlyForDeploymentPostprocessing = 0;
		};
/* End PBXFrameworksBuildPhase section */

/* Begin PBXGroup section */
		9B420CAE22EFEB6A006C4D03 = {
			isa = PBXGroup;
			children = (
				9B420CB922EFEB6A006C4D03 /* textViewDemo */,
				9B420CCC22EFEB6B006C4D03 /* textViewDemoTests */,
				9B420CD722EFEB6B006C4D03 /* textViewDemoUITests */,
				9B420CB822EFEB6A006C4D03 /* Products */,
			);
			sourceTree = "<group>";
		};
		9B420CB822EFEB6A006C4D03 /* Products */ = {
			isa = PBXGroup;
			children = (
				9B420CB722EFEB6A006C4D03 /* textViewDemo.app */,
				9B420CC922EFEB6B006C4D03 /* textViewDemoTests.xctest */,
				9B420CD422EFEB6B006C4D03 /* textViewDemoUITests.xctest */,
			);
			name = Products;
			sourceTree = "<group>";
		};
		9B420CB922EFEB6A006C4D03 /* textViewDemo */ = {
			isa = PBXGroup;
			children = (
				9B420CBA22EFEB6A006C4D03 /* AppDelegate.swift */,
				9B420CBC22EFEB6A006C4D03 /* ViewController.swift */,
				9B420CBE22EFEB6B006C4D03 /* Assets.xcassets */,
				9B420CC022EFEB6B006C4D03 /* Main.storyboard */,
				9B420CC322EFEB6B006C4D03 /* Info.plist */,
				9B420CC422EFEB6B006C4D03 /* textViewDemo.entitlements */,
				9B420CE622EFEBA5006C4D03 /* TextView.swift */,
			);
			path = textViewDemo;
			sourceTree = "<group>";
		};
		9B420CCC22EFEB6B006C4D03 /* textViewDemoTests */ = {
			isa = PBXGroup;
			children = (
				9B420CCD22EFEB6B006C4D03 /* textViewDemoTests.swift */,
				9B420CCF22EFEB6B006C4D03 /* Info.plist */,
			);
			path = textViewDemoTests;
			sourceTree = "<group>";
		};
		9B420CD722EFEB6B006C4D03 /* textViewDemoUITests */ = {
			isa = PBXGroup;
			children = (
				9B420CD822EFEB6B006C4D03 /* textViewDemoUITests.swift */,
				9B420CDA22EFEB6B006C4D03 /* Info.plist */,
			);
			path = textViewDemoUITests;
			sourceTree = "<group>";
		};
/* End PBXGroup section */

/* Begin PBXNativeTarget section */
		9B420CB622EFEB6A006C4D03 /* textViewDemo */ = {
			isa = PBXNativeTarget;
			buildConfigurationList = 9B420CDD22EFEB6B006C4D03 /* Build configuration list for PBXNativeTarget "textViewDemo" */;
			buildPhases = (
				9B420CB322EFEB6A006C4D03 /* Sources */,
				9B420CB422EFEB6A006C4D03 /* Frameworks */,
				9B420CB522EFEB6A006C4D03 /* Resources */,
			);
			buildRules = (
			);
			dependencies = (
			);
			name = textViewDemo;
			productName = textViewDemo;
			productReference = 9B420CB722EFEB6A006C4D03 /* textViewDemo.app */;
			productType = "com.apple.product-type.application";
		};
		9B420CC822EFEB6B006C4D03 /* textViewDemoTests */ = {
			isa = PBXNativeTarget;
			buildConfigurationList = 9B420CE022EFEB6B006C4D03 /* Build configuration list for PBXNativeTarget "textViewDemoTests" */;
			buildPhases = (
				9B420CC522EFEB6B006C4D03 /* Sources */,
				9B420CC622EFEB6B006C4D03 /* Frameworks */,
				9B420CC722EFEB6B006C4D03 /* Resources */,
			);
			buildRules = (
			);
			dependencies = (
				9B420CCB22EFEB6B006C4D03 /* PBXTargetDependency */,
			);
			name = textViewDemoTests;
			productName = textViewDemoTests;
			productReference = 9B420CC922EFEB6B006C4D03 /* textViewDemoTests.xctest */;
			productType = "com.apple.product-type.bundle.unit-test";
		};
		9B420CD322EFEB6B006C4D03 /* textViewDemoUITests */ = {
			isa = PBXNativeTarget;
			buildConfigurationList = 9B420CE322EFEB6B006C4D03 /* Build configuration list for PBXNativeTarget "textViewDemoUITests" */;
			buildPhases = (
				9B420CD022EFEB6B006C4D03 /* Sources */,
				9B420CD122EFEB6B006C4D03 /* Frameworks */,
				9B420CD222EFEB6B006C4D03 /* Resources */,
			);
			buildRules = (
			);
			dependencies = (
				9B420CD622EFEB6B006C4D03 /* PBXTargetDependency */,
			);
			name = textViewDemoUITests;
			productName = textViewDemoUITests;
			productReference = 9B420CD422EFEB6B006C4D03 /* textViewDemoUITests.xctest */;
			productType = "com.apple.product-type.bundle.ui-testing";
		};
/* End PBXNativeTarget section */

/* Begin PBXProject section */
		9B420CAF22EFEB6A006C4D03 /* Project object */ = {
			isa = PBXProject;
			attributes = {
				LastSwiftUpdateCheck = 1030;
				LastUpgradeCheck = 1030;
				ORGANIZATIONNAME = demo;
				TargetAttributes = {
					9B420CB622EFEB6A006C4D03 = {
						CreatedOnToolsVersion = 10.3;
					};
					9B420CC822EFEB6B006C4D03 = {
						CreatedOnToolsVersion = 10.3;
						TestTargetID = 9B420CB622EFEB6A006C4D03;
					};
					9B420CD322EFEB6B006C4D03 = {
						CreatedOnToolsVersion = 10.3;
						TestTargetID = 9B420CB622EFEB6A006C4D03;
					};
				};
			};
			buildConfigurationList = 9B420CB222EFEB6A006C4D03 /* Build configuration list for PBXProject "textViewDemo" */;
			compatibilityVersion = "Xcode 9.3";
			developmentRegion = en;
			hasScannedForEncodings = 0;
			knownRegions = (
				en,
				Base,
			);
			mainGroup = 9B420CAE22EFEB6A006C4D03;
			productRefGroup = 9B420CB822EFEB6A006C4D03 /* Products */;
			projectDirPath = "";
			projectRoot = "";
			targets = (
				9B420CB622EFEB6A006C4D03 /* textViewDemo */,
				9B420CC822EFEB6B006C4D03 /* textViewDemoTests */,
				9B420CD322EFEB6B006C4D03 /* textViewDemoUITests */,
			);
		};
/* End PBXProject section */

/* Begin PBXResourcesBuildPhase section */
		9B420CB522EFEB6A006C4D03 /* Resources */ = {
			isa = PBXResourcesBuildPhase;
			buildActionMask = 2147483647;
			files = (
				9B420CBF22EFEB6B006C4D03 /* Assets.xcassets in Resources */,
				9B420CC222EFEB6B006C4D03 /* Main.storyboard in Resources */,
			);
			runOnlyForDeploymentPostprocessing = 0;
		};
		9B420CC722EFEB6B006C4D03 /* Resources */ = {
			isa = PBXResourcesBuildPhase;
			buildActionMask = 2147483647;
			files = (
			);
			runOnlyForDeploymentPostprocessing = 0;
		};
		9B420CD222EFEB6B006C4D03 /* Resources */ = {
			isa = PBXResourcesBuildPhase;
			buildActionMask = 2147483647;
			files = (
			);
			runOnlyForDeploymentPostprocessing = 0;
		};
/* End PBXResourcesBuildPhase section */

/* Begin PBXSourcesBuildPhase section */
		9B420CB322EFEB6A006C4D03 /* Sources */ = {
			isa = PBXSourcesBuildPhase;
			buildActionMask = 2147483647;
			files = (
				9B420CBD22EFEB6A006C4D03 /* ViewController.swift in Sources */,
				9B420CBB22EFEB6A006C4D03 /* AppDelegate.swift in Sources */,
				9B420CE722EFEBA5006C4D03 /* TextView.swift in Sources */,
			);
			runOnlyForDeploymentPostprocessing = 0;
		};
		9B420CC522EFEB6B006C4D03 /* Sources */ = {
			isa = PBXSourcesBuildPhase;
			buildActionMask = 2147483647;
			files = (
				9B420CCE22EFEB6B006C4D03 /* textViewDemoTests.swift in Sources */,
			);
			runOnlyForDeploymentPostprocessing = 0;
		};
		9B420CD022EFEB6B006C4D03 /* Sources */ = {
			isa = PBXSourcesBuildPhase;
			buildActionMask = 2147483647;
			files = (
				9B420CD922EFEB6B006C4D03 /* textViewDemoUITests.swift in Sources */,
			);
			runOnlyForDeploymentPostprocessing = 0;
		};
/* End PBXSourcesBuildPhase section */

/* Begin PBXTargetDependency section */
		9B420CCB22EFEB6B006C4D03 /* PBXTargetDependency */ = {
			isa = PBXTargetDependency;
			target = 9B420CB622EFEB6A006C4D03 /* textViewDemo */;
			targetProxy = 9B420CCA22EFEB6B006C4D03 /* PBXContainerItemProxy */;
		};
		9B420CD622EFEB6B006C4D03 /* PBXTargetDependency */ = {
			isa = PBXTargetDependency;
			target = 9B420CB622EFEB6A006C4D03 /* textViewDemo */;
			targetProxy = 9B420CD522EFEB6B006C4D03 /* PBXContainerItemProxy */;
		};
/* End PBXTargetDependency section */

/* Begin PBXVariantGroup section */
		9B420CC022EFEB6B006C4D03 /* Main.storyboard */ = {
			isa = PBXVariantGroup;
			children = (
				9B420CC122EFEB6B006C4D03 /* Base */,
			);
			name = Main.storyboard;
			sourceTree = "<group>";
		};
/* End PBXVariantGroup section */

/* Begin XCBuildConfiguration section */
		9B420CDB22EFEB6B006C4D03 /* Debug */ = {
			isa = XCBuildConfiguration;
			buildSettings = {
				ALWAYS_SEARCH_USER_PATHS = NO;
				CLANG_ANALYZER_NONNULL = YES;
				CLANG_ANALYZER_NUMBER_OBJECT_CONVERSION = YES_AGGRESSIVE;
				CLANG_CXX_LANGUAGE_STANDARD = "gnu++14";
				CLANG_CXX_LIBRARY = "libc++";
				CLANG_ENABLE_MODULES = YES;
				CLANG_ENABLE_OBJC_ARC = YES;
				CLANG_ENABLE_OBJC_WEAK = YES;
				CLANG_WARN_BLOCK_CAPTURE_AUTORELEASING = YES;
				CLANG_WARN_BOOL_CONVERSION = YES;
				CLANG_WARN_COMMA = YES;
				CLANG_WARN_CONSTANT_CONVERSION = YES;
				CLANG_WARN_DEPRECATED_OBJC_IMPLEMENTATIONS = YES;
				CLANG_WARN_DIRECT_OBJC_ISA_USAGE = YES_ERROR;
				CLANG_WARN_DOCUMENTATION_COMMENTS = YES;
				CLANG_WARN_EMPTY_BODY = YES;
				CLANG_WARN_ENUM_CONVERSION = YES;
				CLANG_WARN_INFINITE_RECURSION = YES;
				CLANG_WARN_INT_CONVERSION = YES;
				CLANG_WARN_NON_LITERAL_NULL_CONVERSION = YES;
				CLANG_WARN_OBJC_IMPLICIT_RETAIN_SELF = YES;
				CLANG_WARN_OBJC_LITERAL_CONVERSION = YES;
				CLANG_WARN_OBJC_ROOT_CLASS = YES_ERROR;
				CLANG_WARN_RANGE_LOOP_ANALYSIS = YES;
				CLANG_WARN_STRICT_PROTOTYPES = YES;
				CLANG_WARN_SUSPICIOUS_MOVE = YES;
				CLANG_WARN_UNGUARDED_AVAILABILITY = YES_AGGRESSIVE;
				CLANG_WARN_UNREACHABLE_CODE = YES;
				CLANG_WARN__DUPLICATE_METHOD_MATCH = YES;
				CODE_SIGN_IDENTITY = "-";
				COPY_PHASE_STRIP = NO;
				DEBUG_INFORMATION_FORMAT = dwarf;
				ENABLE_STRICT_OBJC_MSGSEND = YES;
				ENABLE_TESTABILITY = YES;
				GCC_C_LANGUAGE_STANDARD = gnu11;
				GCC_DYNAMIC_NO_PIC = NO;
				GCC_NO_COMMON_BLOCKS = YES;
				GCC_OPTIMIZATION_LEVEL = 0;
				GCC_PREPROCESSOR_DEFINITIONS = (
					"DEBUG=1",
					"$(inherited)",
				);
				GCC_WARN_64_TO_32_BIT_CONVERSION = YES;
				GCC_WARN_ABOUT_RETURN_TYPE = YES_ERROR;
				GCC_WARN_UNDECLARED_SELECTOR = YES;
				GCC_WARN_UNINITIALIZED_AUTOS = YES_AGGRESSIVE;
				GCC_WARN_UNUSED_FUNCTION = YES;
				GCC_WARN_UNUSED_VARIABLE = YES;
				MACOSX_DEPLOYMENT_TARGET = 10.14;
				MTL_ENABLE_DEBUG_INFO = INCLUDE_SOURCE;
				MTL_FAST_MATH = YES;
				ONLY_ACTIVE_ARCH = YES;
				SDKROOT = macosx;
				SWIFT_ACTIVE_COMPILATION_CONDITIONS = DEBUG;
				SWIFT_OPTIMIZATION_LEVEL = "-Onone";
			};
			name = Debug;
		};
		9B420CDC22EFEB6B006C4D03 /* Release */ = {
			isa = XCBuildConfiguration;
			buildSettings = {
				ALWAYS_SEARCH_USER_PATHS = NO;
				CLANG_ANALYZER_NONNULL = YES;
				CLANG_ANALYZER_NUMBER_OBJECT_CONVERSION = YES_AGGRESSIVE;
				CLANG_CXX_LANGUAGE_STANDARD = "gnu++14";
				CLANG_CXX_LIBRARY = "libc++";
				CLANG_ENABLE_MODULES = YES;
				CLANG_ENABLE_OBJC_ARC = YES;
				CLANG_ENABLE_OBJC_WEAK = YES;
				CLANG_WARN_BLOCK_CAPTURE_AUTORELEASING = YES;
				CLANG_WARN_BOOL_CONVERSION = YES;
				CLANG_WARN_COMMA = YES;
				CLANG_WARN_CONSTANT_CONVERSION = YES;
				CLANG_WARN_DEPRECATED_OBJC_IMPLEMENTATIONS = YES;
				CLANG_WARN_DIRECT_OBJC_ISA_USAGE = YES_ERROR;
				CLANG_WARN_DOCUMENTATION_COMMENTS = YES;
				CLANG_WARN_EMPTY_BODY = YES;
				CLANG_WARN_ENUM_CONVERSION = YES;
				CLANG_WARN_INFINITE_RECURSION = YES;
				CLANG_WARN_INT_CONVERSION = YES;
				CLANG_WARN_NON_LITERAL_NULL_CONVERSION = YES;
				CLANG_WARN_OBJC_IMPLICIT_RETAIN_SELF = YES;
				CLANG_WARN_OBJC_LITERAL_CONVERSION = YES;
				CLANG_WARN_OBJC_ROOT_CLASS = YES_ERROR;
				CLANG_WARN_RANGE_LOOP_ANALYSIS = YES;
				CLANG_WARN_STRICT_PROTOTYPES = YES;
				CLANG_WARN_SUSPICIOUS_MOVE = YES;
				CLANG_WARN_UNGUARDED_AVAILABILITY = YES_AGGRESSIVE;
				CLANG_WARN_UNREACHABLE_CODE = YES;
				CLANG_WARN__DUPLICATE_METHOD_MATCH = YES;
				CODE_SIGN_IDENTITY = "-";
				COPY_PHASE_STRIP = NO;
				DEBUG_INFORMATION_FORMAT = "dwarf-with-dsym";
				ENABLE_NS_ASSERTIONS = NO;
				ENABLE_STRICT_OBJC_MSGSEND = YES;
				GCC_C_LANGUAGE_STANDARD = gnu11;
				GCC_NO_COMMON_BLOCKS = YES;
				GCC_WARN_64_TO_32_BIT_CONVERSION = YES;
				GCC_WARN_ABOUT_RETURN_TYPE = YES_ERROR;
				GCC_WARN_UNDECLARED_SELECTOR = YES;
				GCC_WARN_UNINITIALIZED_AUTOS = YES_AGGRESSIVE;
				GCC_WARN_UNUSED_FUNCTION = YES;
				GCC_WARN_UNUSED_VARIABLE = YES;
				MACOSX_DEPLOYMENT_TARGET = 10.14;
				MTL_ENABLE_DEBUG_INFO = NO;
				MTL_FAST_MATH = YES;
				SDKROOT = macosx;
				SWIFT_COMPILATION_MODE = wholemodule;
				SWIFT_OPTIMIZATION_LEVEL = "-O";
			};
			name = Release;
		};
		9B420CDE22EFEB6B006C4D03 /* Debug */ = {
			isa = XCBuildConfiguration;
			buildSettings = {
				ASSETCATALOG_COMPILER_APPICON_NAME = AppIcon;
				CODE_SIGN_ENTITLEMENTS = textViewDemo/textViewDemo.entitlements;
				CODE_SIGN_STYLE = Automatic;
				COMBINE_HIDPI_IMAGES = YES;
				INFOPLIST_FILE = textViewDemo/Info.plist;
				LD_RUNPATH_SEARCH_PATHS = (
					"$(inherited)",
					"@executable_path/../Frameworks",
				);
				PRODUCT_BUNDLE_IDENTIFIER = com.demo.textViewDemo;
				PRODUCT_NAME = "$(TARGET_NAME)";
				SWIFT_VERSION = 5.0;
			};
			name = Debug;
		};
		9B420CDF22EFEB6B006C4D03 /* Release */ = {
			isa = XCBuildConfiguration;
			buildSettings = {
				ASSETCATALOG_COMPILER_APPICON_NAME = AppIcon;
				CODE_SIGN_ENTITLEMENTS = textViewDemo/textViewDemo.entitlements;
				CODE_SIGN_STYLE = Automatic;
				COMBINE_HIDPI_IMAGES = YES;
				INFOPLIST_FILE = textViewDemo/Info.plist;
				LD_RUNPATH_SEARCH_PATHS = (
					"$(inherited)",
					"@executable_path/../Frameworks",
				);
				PRODUCT_BUNDLE_IDENTIFIER = com.demo.textViewDemo;
				PRODUCT_NAME = "$(TARGET_NAME)";
				SWIFT_VERSION = 5.0;
			};
			name = Release;
		};
		9B420CE122EFEB6B006C4D03 /* Debug */ = {
			isa = XCBuildConfiguration;
			buildSettings = {
				ALWAYS_EMBED_SWIFT_STANDARD_LIBRARIES = YES;
				BUNDLE_LOADER = "$(TEST_HOST)";
				CODE_SIGN_STYLE = Automatic;
				COMBINE_HIDPI_IMAGES = YES;
				INFOPLIST_FILE = textViewDemoTests/Info.plist;
				LD_RUNPATH_SEARCH_PATHS = (
					"$(inherited)",
					"@executable_path/../Frameworks",
					"@loader_path/../Frameworks",
				);
				PRODUCT_BUNDLE_IDENTIFIER = com.demo.textViewDemoTests;
				PRODUCT_NAME = "$(TARGET_NAME)";
				SWIFT_VERSION = 5.0;
				TEST_HOST = "$(BUILT_PRODUCTS_DIR)/textViewDemo.app/Contents/MacOS/textViewDemo";
			};
			name = Debug;
		};
		9B420CE222EFEB6B006C4D03 /* Release */ = {
			isa = XCBuildConfiguration;
			buildSettings = {
				ALWAYS_EMBED_SWIFT_STANDARD_LIBRARIES = YES;
				BUNDLE_LOADER = "$(TEST_HOST)";
				CODE_SIGN_STYLE = Automatic;
				COMBINE_HIDPI_IMAGES = YES;
				INFOPLIST_FILE = textViewDemoTests/Info.plist;
				LD_RUNPATH_SEARCH_PATHS = (
					"$(inherited)",
					"@executable_path/../Frameworks",
					"@loader_path/../Frameworks",
				);
				PRODUCT_BUNDLE_IDENTIFIER = com.demo.textViewDemoTests;
				PRODUCT_NAME = "$(TARGET_NAME)";
				SWIFT_VERSION = 5.0;
				TEST_HOST = "$(BUILT_PRODUCTS_DIR)/textViewDemo.app/Contents/MacOS/textViewDemo";
			};
			name = Release;
		};
		9B420CE422EFEB6B006C4D03 /* Debug */ = {
			isa = XCBuildConfiguration;
			buildSettings = {
				ALWAYS_EMBED_SWIFT_STANDARD_LIBRARIES = YES;
				CODE_SIGN_STYLE = Automatic;
				COMBINE_HIDPI_IMAGES = YES;
				INFOPLIST_FILE = textViewDemoUITests/Info.plist;
				LD_RUNPATH_SEARCH_PATHS = (
					"$(inherited)",
					"@executable_path/../Frameworks",
					"@loader_path/../Frameworks",
				);
				PRODUCT_BUNDLE_IDENTIFIER = com.demo.textViewDemoUITests;
				PRODUCT_NAME = "$(TARGET_NAME)";
				SWIFT_VERSION = 5.0;
				TEST_TARGET_NAME = textViewDemo;
			};
			name = Debug;
		};
		9B420CE522EFEB6B006C4D03 /* Release */ = {
			isa = XCBuildConfiguration;
			buildSettings = {
				ALWAYS_EMBED_SWIFT_STANDARD_LIBRARIES = YES;
				CODE_SIGN_STYLE = Automatic;
				COMBINE_HIDPI_IMAGES = YES;
				INFOPLIST_FILE = textViewDemoUITests/Info.plist;
				LD_RUNPATH_SEARCH_PATHS = (
					"$(inherited)",
					"@executable_path/../Frameworks",
					"@loader_path/../Frameworks",
				);
				PRODUCT_BUNDLE_IDENTIFIER = com.demo.textViewDemoUITests;
				PRODUCT_NAME = "$(TARGET_NAME)";
				SWIFT_VERSION = 5.0;
				TEST_TARGET_NAME = textViewDemo;
			};
			name = Release;
		};
/* End XCBuildConfiguration section */

/* Begin XCConfigurationList section */
		9B420CB222EFEB6A006C4D03 /* Build configuration list for PBXProject "textViewDemo" */ = {
			isa = XCConfigurationList;
			buildConfigurations = (
				9B420CDB22EFEB6B006C4D03 /* Debug */,
				9B420CDC22EFEB6B006C4D03 /* Release */,
			);
			defaultConfigurationIsVisible = 0;
			defaultConfigurationName = Release;
		};
		9B420CDD22EFEB6B006C4D03 /* Build configuration list for PBXNativeTarget "textViewDemo" */ = {
			isa = XCConfigurationList;
			buildConfigurations = (
				9B420CDE22EFEB6B006C4D03 /* Debug */,
				9B420CDF22EFEB6B006C4D03 /* Release */,
			);
			defaultConfigurationIsVisible = 0;
			defaultConfigurationName = Release;
		};
		9B420CE022EFEB6B006C4D03 /* Build configuration list for PBXNativeTarget "textViewDemoTests" */ = {
			isa = XCConfigurationList;
			buildConfigurations = (
				9B420CE122EFEB6B006C4D03 /* Debug */,
				9B420CE222EFEB6B006C4D03 /* Release */,
			);
			defaultConfigurationIsVisible = 0;
			defaultConfigurationName = Release;
		};
		9B420CE322EFEB6B006C4D03 /* Build configuration list for PBXNativeTarget "textViewDemoUITests" */ = {
			isa = XCConfigurationList;
			buildConfigurations = (
				9B420CE422EFEB6B006C4D03 /* Debug */,
				9B420CE522EFEB6B006C4D03 /* Release */,
			);
			defaultConfigurationIsVisible = 0;
			defaultConfigurationName = Release;
		};
/* End XCConfigurationList section */
	};
	rootObject = 9B420CAF22EFEB6A006C4D03 /* Project object */;
}
